{
  "nodes": {
    "nixline-baseline": {
      "inputs": {
        "nixpkgs": [
          "nixpkgs"
        ]
      },
      "locked": {
        "lastModified": 1761705156,
        "narHash": "sha256-8FL3tGqE69vTsNT8vBRr6zAfQDYdq7vov/wx4drO3VE=",
        "owner": "NixLine-org",
        "repo": "nixline-baseline",
        "rev": "ecfb27ac79bc34b99fd46ee81742f7d2ff9bdff2",
        "type": "github"
      },
      "original": {
        "owner": "NixLine-org",
        "ref": "stable",
        "repo": "nixline-baseline",
        "type": "github"
      }
    },
    "nixpkgs": {
      "locked": {
        "lastModified": 1761373498,
        "narHash": "sha256-Q/uhWNvd7V7k1H1ZPMy/vkx3F8C13ZcdrKjO7Jv7v0c=",
        "owner": "NixOS",
        "repo": "nixpkgs",
        "rev": "6a08e6bb4e46ff7fcbb53d409b253f6bad8a28ce",
        "type": "github"
      },
      "original": {
        "owner": "NixOS",
        "ref": "nixos-unstable",
        "repo": "nixpkgs",
        "type": "github"
      }
    },
    "root": {
      "inputs": {
        "nixline-baseline": "nixline-baseline",
        "nixpkgs": "nixpkgs"
      }
    }
  },
  "root": "root",
  "version": 7
}
