{
  "nodes": {
    "nixline-baseline": {
      "inputs": {
        "nixpkgs": [
          "nixpkgs"
        ]
      },
      "locked": {
        "lastModified": 1761887425,
        "narHash": "sha256-SHn8Gi0HhprdDePkn0lRzacLcxEG25z//ArMT0TCd5o=",
        "owner": "NixLine-org",
        "repo": "nixline-baseline",
        "rev": "fc2825cc12dd386877d5d06992694b3d8e6c45e3",
        "type": "github"
      },
      "original": {
        "owner": "NixLine-org",
        "ref": "stable",
        "repo": "nixline-baseline",
        "type": "github"
      }
    },
    "nixpkgs": {
      "locked": {
        "lastModified": 1761672384,
        "narHash": "sha256-o9KF3DJL7g7iYMZq9SWgfS1BFlNbsm6xplRjVlOCkXI=",
        "owner": "NixOS",
        "repo": "nixpkgs",
        "rev": "08dacfca559e1d7da38f3cf05f1f45ee9bfd213c",
        "type": "github"
      },
      "original": {
        "owner": "NixOS",
        "repo": "nixpkgs",
        "rev": "08dacfca559e1d7da38f3cf05f1f45ee9bfd213c",
        "type": "github"
      }
    },
    "root": {
      "inputs": {
        "nixline-baseline": "nixline-baseline",
        "nixpkgs": "nixpkgs"
      }
    }
  },
  "root": "root",
  "version": 7
}
