{
  "nodes": {
    "nixline-baseline": {
      "inputs": {
        "nixpkgs": [
          "nixpkgs"
        ]
      },
      "locked": {
        "lastModified": 1761967587,
        "narHash": "sha256-T8X8u8h4rpxc3M2tjdHiWpqqB70sA/SIBZQ4sd8r+3g=",
        "owner": "NixLine-org",
        "repo": "nixline-baseline",
        "rev": "f3e19a5932a56750caf93ccd16fee195926df6e8",
        "type": "github"
      },
      "original": {
        "owner": "NixLine-org",
        "ref": "stable",
        "repo": "nixline-baseline",
        "type": "github"
      }
    },
    "nixpkgs": {
      "locked": {
        "lastModified": 1761672384,
        "narHash": "sha256-o9KF3DJL7g7iYMZq9SWgfS1BFlNbsm6xplRjVlOCkXI=",
        "owner": "NixOS",
        "repo": "nixpkgs",
        "rev": "08dacfca559e1d7da38f3cf05f1f45ee9bfd213c",
        "type": "github"
      },
      "original": {
        "owner": "NixOS",
        "repo": "nixpkgs",
        "rev": "08dacfca559e1d7da38f3cf05f1f45ee9bfd213c",
        "type": "github"
      }
    },
    "root": {
      "inputs": {
        "nixline-baseline": "nixline-baseline",
        "nixpkgs": "nixpkgs"
      }
    }
  },
  "root": "root",
  "version": 7
}
